
Microsoft Visual Studio Solution File, Format Version 12.00
# Visual Studio Version 16
VisualStudioVersion = 16.0.30413.136
MinimumVisualStudioVersion = 10.0.40219.1
Project("{FAE04EC0-301F-11D3-BF4B-00C04F79EFBC}") = "GameFoxDemo", "GameFoxDemo\GameFoxDemo.csproj", "{6BAEDD73-C4A7-4CF0-B029-C55360AF71B8}"
EndProject
Global
	GlobalSection(SolutionConfigurationPlatforms) = preSolution
		Debug|Any CPU = Debug|Any CPU
		Release|Any CPU = Release|Any CPU
	EndGlobalSection
	GlobalSection(ProjectConfigurationPlatforms) = postSolution
		{6BAEDD73-C4A7-4CF0-B029-C55360AF71B8}.Debug|Any CPU.ActiveCfg = Debug|Any CPU
		{6BAEDD73-C4A7-4CF0-B029-C55360AF71B8}.Debug|Any CPU.Build.0 = Debug|Any CPU
		{6BAEDD73-C4A7-4CF0-B029-C55360AF71B8}.Release|Any CPU.ActiveCfg = Release|Any CPU
		{6BAEDD73-C4A7-4CF0-B029-C55360AF71B8}.Release|Any CPU.Build.0 = Release|Any CPU
	EndGlobalSection
	GlobalSection(SolutionProperties) = preSolution
		HideSolutionNode = FALSE
	EndGlobalSection
	GlobalSection(ExtensibilityGlobals) = postSolution
		SolutionGuid = {9E841048-46EF-46C6-80E6-3A6250EB759F}
	EndGlobalSection
EndGlobal
